schema: '2.0'
stages:
  preprocessing:
    cmd: python src/preprocessing.py --input 
      data/raw/Churn_Prediction_DataSet.csv --outdir data/processed
    deps:
    - path: data/raw/Churn_Prediction_DataSet.csv
      hash: md5
      md5: 0f9de68e012bd3aed5fa7cdc9fc421af
      size: 977501
    - path: src/preprocessing.py
      hash: md5
      md5: 5688930f193e4b7ceb94047a868bcf39
      size: 4452
    outs:
    - path: data/processed/test.csv
      hash: md5
      md5: 74c1949a86dba516813f9a70e7843f71
      size: 348310
    - path: data/processed/train.csv
      hash: md5
      md5: d62b1ea12a3143a1f72b2665438e74a9
      size: 1389473
  train:
    cmd: python src/train.py --train data/processed/train.csv --model_out 
      models/best_model.pkl
    deps:
    - path: data/processed/train.csv
      hash: md5
      md5: d62b1ea12a3143a1f72b2665438e74a9
      size: 1389473
    - path: src/train.py
      hash: md5
      md5: 475bd674f6c3e9caf1438214d574e4af
      size: 3179
    outs:
    - path: models/best_model.pkl
      hash: md5
      md5: 4e12391ca4d316e8d8e9d2218ae063f3
      size: 19449113
  evaluate:
    cmd: python src/evaluate.py --test data/processed/test.csv --model 
      models/best_model.pkl --outdir reports
    deps:
    - path: data/processed/test.csv
      hash: md5
      md5: 74c1949a86dba516813f9a70e7843f71
      size: 348310
    - path: models/best_model.pkl
      hash: md5
      md5: 4e12391ca4d316e8d8e9d2218ae063f3
      size: 19449113
    - path: src/evaluate.py
      hash: md5
      md5: 2bb338ab02e7a838fbe24c148985ad8d
      size: 3031
    outs:
    - path: reports/confusion_matrix.png
      hash: md5
      md5: 27aca307410dc4f6ed53a8d99c3dfc88
      size: 18352
    - path: reports/metrics.json
      hash: md5
      md5: cd0fe2b45469f050e710ee446bc5a089
      size: 187
    - path: reports/roc_curve.png
      hash: md5
      md5: 46a595786f70852c34ba648128bd6c3e
      size: 34601
  data_ingestion:
    cmd: python src/data_ingestion.py --input 
      data/raw/Churn_Prediction_DataSet.csv --report_out 
      reports/data_quality_report.json
    deps:
    - path: data/raw/Churn_Prediction_DataSet.csv
      hash: md5
      md5: 0f9de68e012bd3aed5fa7cdc9fc421af
      size: 977501
    - path: src/data_ingestion.py
      hash: md5
      md5: 811a22030a5fb663c5dfddffd320a7a7
      size: 2043
    outs:
    - path: reports/data_quality_report.json
      hash: md5
      md5: 00cbea20c487ff3b42229f9d8e456704
      size: 2395
